
Microsoft Visual Studio Solution File, Format Version 12.00
# Visual Studio Version 17
VisualStudioVersion = 17.5.33502.453
MinimumVisualStudioVersion = 10.0.40219.1
Project("{FAE04EC0-301F-11D3-BF4B-00C04F79EFBC}") = "GemeOfLife", "GemeOfLife\GemeOfLife.csproj", "{15737FF8-7765-499E-B292-42E759B087D7}"
EndProject
Global
	GlobalSection(SolutionConfigurationPlatforms) = preSolution
		Debug|Any CPU = Debug|Any CPU
		Release|Any CPU = Release|Any CPU
	EndGlobalSection
	GlobalSection(ProjectConfigurationPlatforms) = postSolution
		{15737FF8-7765-499E-B292-42E759B087D7}.Debug|Any CPU.ActiveCfg = Debug|Any CPU
		{15737FF8-7765-499E-B292-42E759B087D7}.Debug|Any CPU.Build.0 = Debug|Any CPU
		{15737FF8-7765-499E-B292-42E759B087D7}.Release|Any CPU.ActiveCfg = Release|Any CPU
		{15737FF8-7765-499E-B292-42E759B087D7}.Release|Any CPU.Build.0 = Release|Any CPU
	EndGlobalSection
	GlobalSection(SolutionProperties) = preSolution
		HideSolutionNode = FALSE
	EndGlobalSection
	GlobalSection(ExtensibilityGlobals) = postSolution
		SolutionGuid = {9D9D1BAF-22F4-4160-9287-F14B22C813BE}
	EndGlobalSection
EndGlobal
